{
  "name": "sbf-frontend-syncmeta-widgets",
  "version": "1.0.2",
  "lockfileVersion": 1,
  "requires": true,
  "dependencies": {
    "@rwth-acis/iwc": {
      "version": "1.0.0",
      "resolved": "https://registry.npmjs.org/@rwth-acis/iwc/-/iwc-1.0.0.tgz",
      "integrity": "sha512-6uYZwJS1xxG/WTU/IjlsrgByrOa9gAXpaFV5eu7HoAiYX4hbTOuPzpRhj5ZfCEFQEGmrS0cLMnleDuRXhdrgHg=="
    },
    "@rwth-acis/syncmeta-widgets": {
      "version": "1.0.2",
      "resolved": "https://registry.npmjs.org/@rwth-acis/syncmeta-widgets/-/syncmeta-widgets-1.0.2.tgz",
      "integrity": "sha512-JL4/AypxAcNhGYHrGKMGncSoW3yRTJkzzCQCChKaC+agPdZn8IyXRnZnWtQRtZVfnxwI7ezH9Gt2xgXHc07wAg==",
      "requires": {
        "@rwth-acis/iwc": "^1.0.0",
        "ace-builds": "^1.2.3",
        "async": "^1.5.2",
        "bootstrap": "^3.3.7",
        "dagre": "^0.7.4",
        "font-awesome": "~4.4.0",
        "graphlib": "^2.1.8",
        "jquery": "^2.1.4",
        "jquery-contextmenu": "^1.8.0",
        "jquery-migrate": "^1.4.1",
        "jquery-mousewheel": "^3.1.13",
        "jquery-ui": "~1.10.3",
        "jsPlumb": "github:jsplumb/jsplumb#1.5.5",
        "jszip": "^2.0.0",
        "lodash": "^2.4.2",
        "requirejs": "^2.1.22",
        "requirejs-promise": "github:jokeyrhyme/requirejs-promise",
        "requirejs-text": "^2.0.15",
        "y-array": "10.1.4",
        "y-map": "10.1.3",
        "y-memory": "8.0.9",
        "y-text": "9.5.1",
        "y-websockets-client": "8.0.16",
        "yjs": "12.3.3"
      }
    },
    "ace-builds": {
      "version": "1.10.1",
      "resolved": "https://registry.npmjs.org/ace-builds/-/ace-builds-1.10.1.tgz",
      "integrity": "sha512-w8Xj6lZUtOYAquVYvdpZhb0GxXrZ+qpVfgj5LP2FwUbXE8fPrCmfu86FjwOiSphx/8PMbXXVldFLD2+RIXayyA=="
    },
    "after": {
      "version": "0.8.1",
      "resolved": "https://registry.npmjs.org/after/-/after-0.8.1.tgz",
      "integrity": "sha512-SuI3vWhCFeSmkmmJ3efyuOkrhGyp/AuHthh3F5DinGYh2kR9t/0xUlm3/Vn2qMScfgg+cKho5fW7TUEYUhYeiA=="
    },
    "arraybuffer.slice": {
      "version": "0.0.6",
      "resolved": "https://registry.npmjs.org/arraybuffer.slice/-/arraybuffer.slice-0.0.6.tgz",
      "integrity": "sha512-6ZjfQaBSy6CuIH0+B0NrxMfDE5VIOCP/5gOqSpEIsaAZx9/giszzrXg6PZ7G51U/n88UmlAgYLNQ9wAnII7PJA=="
    },
    "async": {
      "version": "1.5.2",
      "resolved": "https://registry.npmjs.org/async/-/async-1.5.2.tgz",
      "integrity": "sha512-nSVgobk4rv61R9PUSDtYt7mPVB2olxNR5RWJcAsH676/ef11bUZwvu7+RGYrYauVdDPcO519v68wRhXQtxsV9w=="
    },
    "backo2": {
      "version": "1.0.2",
      "resolved": "https://registry.npmjs.org/backo2/-/backo2-1.0.2.tgz",
      "integrity": "sha512-zj6Z6M7Eq+PBZ7PQxl5NT665MvJdAkzp0f60nAJ+sLaSCBPMwVak5ZegFbgVCzFcCJTKFoMizvM5Ld7+JrRJHA=="
    },
    "base64-arraybuffer": {
      "version": "0.1.2",
      "resolved": "https://registry.npmjs.org/base64-arraybuffer/-/base64-arraybuffer-0.1.2.tgz",
      "integrity": "sha512-ewBKKVVPIl78B26mYQHYlaxR7NydMiD/GxwLNIwTAfLIE4xhN2Gxcy30//azq5UrejXjzGpWjcBu3NUJxzMMzg=="
    },
    "benchmark": {
      "version": "1.0.0",
      "resolved": "https://registry.npmjs.org/benchmark/-/benchmark-1.0.0.tgz",
      "integrity": "sha512-qSlOi0If8sI+icu3l/W5rd4R0etJz9orLPWpDdt1lPgEFzEHYYnkfMuotj+Lx5SyMkmfawlPoW9RmoEm19ziHA=="
    },
    "better-assert": {
      "version": "1.0.2",
      "resolved": "https://registry.npmjs.org/better-assert/-/better-assert-1.0.2.tgz",
      "integrity": "sha512-bYeph2DFlpK1XmGs6fvlLRUN29QISM3GBuUwSFsMY2XRx4AvC0WNCS57j4c/xGrK2RS24C1w3YoBOsw9fT46tQ==",
      "requires": {
        "callsite": "1.0.0"
      }
    },
    "bindings": {
      "version": "1.2.1",
      "resolved": "https://registry.npmjs.org/bindings/-/bindings-1.2.1.tgz",
      "integrity": "sha1-FK1hE4EtLTfXLme0ystLtyZQXxE="
    },
    "blob": {
      "version": "0.0.4",
      "resolved": "https://registry.npmjs.org/blob/-/blob-0.0.4.tgz",
      "integrity": "sha512-YRc9zvVz4wNaxcXmiSgb9LAg7YYwqQ2xd0Sj6osfA7k/PKmIGVlnOYs3wOFdkRC9/JpQu8sGt/zHgJV7xzerfg=="
    },
    "bootstrap": {
      "version": "3.4.1",
      "resolved": "https://registry.npmjs.org/bootstrap/-/bootstrap-3.4.1.tgz",
      "integrity": "sha512-yN5oZVmRCwe5aKwzRj6736nSmKDX7pLYwsXiCj/EYmo16hODaBiT4En5btW/jhBF/seV+XMx3aYwukYC3A49DA=="
    },
    "bufferutil": {
      "version": "1.2.1",
      "resolved": "https://registry.npmjs.org/bufferutil/-/bufferutil-1.2.1.tgz",
      "integrity": "sha512-rtE2s2JHFmfaldMwWFSUaPTxfxq6Um3xw9PEUK5bAfW83UTXp3WQpE7slnD2bd9GUgb0BA7JC/7ZxeBrIq+8Dw==",
      "optional": true,
      "requires": {
        "bindings": "1.2.x",
        "nan": "^2.0.5"
      }
    },
    "callsite": {
      "version": "1.0.0",
      "resolved": "https://registry.npmjs.org/callsite/-/callsite-1.0.0.tgz",
      "integrity": "sha512-0vdNRFXn5q+dtOqjfFtmtlI9N2eVZ7LMyEV2iKC5mEEFvSg/69Ml6b/WU2qF8W1nLRa0wiSrDT3Y5jOHZCwKPQ=="
    },
    "component-bind": {
      "version": "1.0.0",
      "resolved": "https://registry.npmjs.org/component-bind/-/component-bind-1.0.0.tgz",
      "integrity": "sha512-WZveuKPeKAG9qY+FkYDeADzdHyTYdIboXS59ixDeRJL5ZhxpqUnxSOwop4FQjMsiYm3/Or8cegVbpAHNA7pHxw=="
    },
    "component-emitter": {
      "version": "1.1.2",
      "resolved": "https://registry.npmjs.org/component-emitter/-/component-emitter-1.1.2.tgz",
      "integrity": "sha512-YhIbp3PJiznERfjlIkK0ue4obZxt2S60+0W8z24ZymOHT8sHloOqWOqZRU2eN5OlY8U08VFsP02letcu26FilA=="
    },
    "component-inherit": {
      "version": "0.0.3",
      "resolved": "https://registry.npmjs.org/component-inherit/-/component-inherit-0.0.3.tgz",
      "integrity": "sha512-w+LhYREhatpVqTESyGFg3NlP6Iu0kEKUHETY9GoZP/pQyW4mHFZuFWRUCIqVPZ36ueVLtoOEZaAqbCF2RDndaA=="
    },
    "dagre": {
      "version": "0.7.4",
      "resolved": "https://registry.npmjs.org/dagre/-/dagre-0.7.4.tgz",
      "integrity": "sha512-XvkbOx1bjJABBaE2WKSAB29rOT96M3fpq1C1n/hBLSNzwrPi06LelkU4OFA+s25Ua5yhsQvhp7+JgDdC//pM8A==",
      "requires": {
        "graphlib": "^1.0.5",
        "lodash": "^3.10.0"
      },
      "dependencies": {
        "graphlib": {
          "version": "1.0.7",
          "resolved": "https://registry.npmjs.org/graphlib/-/graphlib-1.0.7.tgz",
          "integrity": "sha512-jNb7RbqTIRyZRmcVCxGefOlGWjNdbjcT2tFj36zhnRa8yhAlOvydh9nBixfLQIqSU+DwCx47tg3ysw8NIYhpsA==",
          "requires": {
            "lodash": "^3.10.0"
          }
        },
        "lodash": {
          "version": "3.10.1",
          "resolved": "https://registry.npmjs.org/lodash/-/lodash-3.10.1.tgz",
          "integrity": "sha512-9mDDwqVIma6OZX79ZlDACZl8sBm0TEnkf99zV3iMA4GzkIT/9hiqP5mY0HoT1iNLCrKc/R1HByV+yJfRWVJryQ=="
        }
      }
    },
    "debug": {
      "version": "0.7.4",
      "resolved": "https://registry.npmjs.org/debug/-/debug-0.7.4.tgz",
      "integrity": "sha512-EohAb3+DSHSGx8carOSKJe8G0ayV5/i609OD0J2orCkuyae7SyZSz2aoLmQF2s0Pj5gITDebwPH7GFBlqOUQ1Q=="
    },
    "engine.io-client": {
      "version": "1.5.4",
      "resolved": "https://registry.npmjs.org/engine.io-client/-/engine.io-client-1.5.4.tgz",
      "integrity": "sha512-6ad4/4A/hOqJT381LC8Ozk3yLxE3YqITBnHTMh2/zAYqXGgtWk4CdxbpvO5acZlma1SJseFVx4CEi8ED/92qmg==",
      "requires": {
        "component-emitter": "1.1.2",
        "component-inherit": "0.0.3",
        "debug": "1.0.4",
        "engine.io-parser": "1.2.2",
        "has-cors": "1.0.3",
        "indexof": "0.0.1",
        "parsejson": "0.0.1",
        "parseqs": "0.0.2",
        "parseuri": "0.0.4",
        "ws": "0.8.0",
        "xmlhttprequest": "https://github.com/rase-/node-XMLHttpRequest/archive/a6b6f2.tar.gz"
      },
      "dependencies": {
        "debug": {
          "version": "1.0.4",
          "resolved": "https://registry.npmjs.org/debug/-/debug-1.0.4.tgz",
          "integrity": "sha512-plA8d2GHafT7kXzMDs5r7NSfYP7IKHdO8rZPVAqI33Eum7Vq/Ef/ETXm6NncF/RMif4fzI0RetSArZ6PMIxP0g==",
          "requires": {
            "ms": "0.6.2"
          }
        },
        "parseuri": {
          "version": "0.0.4",
          "resolved": "https://registry.npmjs.org/parseuri/-/parseuri-0.0.4.tgz",
          "integrity": "sha512-9pW0ZCCDtEIzW7beHfLg2N13pgctOVRq1Z+1PKdpsF4wD9GhYUMAAxBhmPRPVVy1fg2z+eH/8uw8dgA0j9DNzw==",
          "requires": {
            "better-assert": "~1.0.0"
          }
        }
      }
    },
    "engine.io-parser": {
      "version": "1.2.2",
      "resolved": "https://registry.npmjs.org/engine.io-parser/-/engine.io-parser-1.2.2.tgz",
      "integrity": "sha512-eZ0Vx2rCg8z5J4rVVtAH4TWF/GiYG5UEtnRMmdwUseD2OShabn783jFziwHYr+ofBodUdF+v/XjGzY/kcpLsmg==",
      "requires": {
        "after": "0.8.1",
        "arraybuffer.slice": "0.0.6",
        "base64-arraybuffer": "0.1.2",
        "blob": "0.0.4",
        "has-binary": "0.1.6",
        "utf8": "2.1.0"
      }
    },
    "fast-diff": {
      "version": "1.2.0",
      "resolved": "https://registry.npmjs.org/fast-diff/-/fast-diff-1.2.0.tgz",
      "integrity": "sha512-xJuoT5+L99XlZ8twedaRf6Ax2TgQVxvgZOYoPKqZufmJib0tL2tegPBOZb1pVNgIhlqDlA0eO0c3wBvQcmzx4w=="
    },
    "font-awesome": {
      "version": "4.4.0",
      "resolved": "https://registry.npmjs.org/font-awesome/-/font-awesome-4.4.0.tgz",
      "integrity": "sha512-h45v/TF2b9d6JiBnyluFrjZRyJXXkRjWbTKxb0ygTScxdP8gWdgMBaghbDuSLQFHNkj3M0eNrLxfTEiQo93ARQ=="
    },
    "global": {
      "version": "https://github.com/component/global/archive/v2.0.1.tar.gz",
      "integrity": "sha512-O91OcV/NbdmQJPHaRu2ekSP7bqFRLWgqSwaJvqHPZHUwmHBagQYTOra29+LnzzG3lZkXH1ANzHzfCxtAPM9HMA=="
    },
    "graphlib": {
      "version": "2.1.8",
      "resolved": "https://registry.npmjs.org/graphlib/-/graphlib-2.1.8.tgz",
      "integrity": "sha512-jcLLfkpoVGmH7/InMC/1hIvOPSUh38oJtGhvrOFGzioE1DZ+0YW16RgmOJhHiuWTvGiJQ9Z1Ik43JvkRPRvE+A==",
      "requires": {
        "lodash": "^4.17.15"
      },
      "dependencies": {
        "lodash": {
          "version": "4.17.21",
          "resolved": "https://registry.npmjs.org/lodash/-/lodash-4.17.21.tgz",
          "integrity": "sha512-v2kDEe57lecTulaDIuNTPy3Ry4gLGJ6Z1O3vE1krgXZNrsQ+LFTGHVxVjcXPs17LhbZVGedAJv8XZ1tvj5FvSg=="
        }
      }
    },
    "has-binary": {
      "version": "0.1.6",
      "resolved": "https://registry.npmjs.org/has-binary/-/has-binary-0.1.6.tgz",
      "integrity": "sha512-aBByfHrIiIt6PQ+jFXsLIFVNpHVyXDcCZ77VZ4kvxv6TvTwipSTDNvKnPN5xOi/cQTcxhLa4lBV2b49pZGQgXw==",
      "requires": {
        "isarray": "0.0.1"
      }
    },
    "has-cors": {
      "version": "1.0.3",
      "resolved": "https://registry.npmjs.org/has-cors/-/has-cors-1.0.3.tgz",
      "integrity": "sha512-Mxk1ba23PNtB3zPigreijApS3uuH9bhgZkqQtLQj7ydWHsGeb9uOtk4gsK6mZj4rYG6VNS/CT9G1XkYfgItpKg==",
      "requires": {
        "global": "https://github.com/component/global/archive/v2.0.1.tar.gz"
      }
    },
    "indexof": {
      "version": "0.0.1",
      "resolved": "https://registry.npmjs.org/indexof/-/indexof-0.0.1.tgz",
      "integrity": "sha512-i0G7hLJ1z0DE8dsqJa2rycj9dBmNKgXBvotXtZYXakU9oivfB9Uj2ZBC27qqef2U58/ZLwalxa1X/RDCdkHtVg=="
    },
    "isarray": {
      "version": "0.0.1",
      "resolved": "https://registry.npmjs.org/isarray/-/isarray-0.0.1.tgz",
      "integrity": "sha512-D2S+3GLxWH+uhrNEcoh/fnmYeP8E8/zHl644d/jdA0g2uyXvy3sb0qxotE+ne0LtccHknQzWwZEzhak7oJ0COQ=="
    },
    "jquery": {
      "version": "2.2.4",
      "resolved": "https://registry.npmjs.org/jquery/-/jquery-2.2.4.tgz",
      "integrity": "sha512-lBHj60ezci2u1v2FqnZIraShGgEXq35qCzMv4lITyHGppTnA13rwR0MgwyNJh9TnDs3aXUvd1xjAotfraMHX/Q=="
    },
    "jquery-contextmenu": {
      "version": "1.11.0",
      "resolved": "https://registry.npmjs.org/jquery-contextmenu/-/jquery-contextmenu-1.11.0.tgz",
      "integrity": "sha512-DmQtFNABHSWb7gIStTW8Fo59frmBqwhXeCYkGXfFG034vckXs9dGCeBmg8UYHoZudL4Q1ozCTZQRLw8OvNtqTQ=="
    },
    "jquery-migrate": {
      "version": "1.4.1",
      "resolved": "https://registry.npmjs.org/jquery-migrate/-/jquery-migrate-1.4.1.tgz",
      "integrity": "sha512-RwIqqAaEC1gQ9KFtdw69wse2bUGQnGNwbkZBkCwSCYkAICMlpVxAbHmfvWaS7SfLGJrYd13FZTuuQgZ6gBotJQ=="
    },
    "jquery-mousewheel": {
      "version": "3.1.13",
      "resolved": "https://registry.npmjs.org/jquery-mousewheel/-/jquery-mousewheel-3.1.13.tgz",
      "integrity": "sha512-GXhSjfOPyDemM005YCEHvzrEALhKDIswtxSHSR2e4K/suHVJKJxxRCGz3skPjNxjJjQa9AVSGGlYjv1M3VLIPg=="
    },
    "jquery-ui": {
      "version": "1.10.5",
      "resolved": "https://registry.npmjs.org/jquery-ui/-/jquery-ui-1.10.5.tgz",
      "integrity": "sha512-kKjQ57h+BCCgZV+nSm+otW57IJQ/lkL6+a/vHY+Gj9dnDPR9ECQJImtUUHNc9+9ksmghlRZyTqr8aDir3nVwKg=="
    },
    "jsPlumb": {
      "version": "github:jsplumb/jsplumb#6c3fff13f188719ddc7ed915ca30c2c39bc1a814",
      "from": "github:jsplumb/jsplumb#1.5.5"
    },
    "json3": {
      "version": "3.2.6",
      "resolved": "https://registry.npmjs.org/json3/-/json3-3.2.6.tgz",
      "integrity": "sha512-KA+GHhYTLTo7Ri4DyjwUgW8kn98AYtVZtBC94qL5yD0ZSYct8/eF8qBmTNyk+gPE578bKeIL4WBq+MUyd1I26g=="
    },
    "jszip": {
      "version": "2.7.0",
      "resolved": "https://registry.npmjs.org/jszip/-/jszip-2.7.0.tgz",
      "integrity": "sha512-JIsRKRVC3gTRo2vM4Wy9WBC3TRcfnIZU8k65Phi3izkvPH975FowRYtKGT6PxevA0XnJ/yO8b0QwV0ydVyQwfw==",
      "requires": {
        "pako": "~1.0.2"
      }
    },
    "lodash": {
      "version": "2.4.2",
      "resolved": "https://registry.npmjs.org/lodash/-/lodash-2.4.2.tgz",
      "integrity": "sha512-Kak1hi6/hYHGVPmdyiZijoQyz5x2iGVzs6w9GYB/HiXEtylY7tIoYEROMjvM1d9nXJqPOrG2MNPMn01bJ+S0Rw=="
    },
    "ms": {
      "version": "0.6.2",
      "resolved": "https://registry.npmjs.org/ms/-/ms-0.6.2.tgz",
      "integrity": "sha512-/pc3eh7TWorTtbvXg8je4GvrvEqCfH7PA3P7iW01yL2E53FKixzgMBaQi0NOPbMJqY34cBSvR0tZtmlTkdUG4A=="
    },
    "nan": {
      "version": "2.15.0",
      "resolved": "https://registry.npmjs.org/nan/-/nan-2.15.0.tgz",
      "integrity": "sha512-8ZtvEnA2c5aYCZYd1cvgdnU6cqwixRoYg70xPLWUws5ORTa/lnw+u4amixRS/Ac5U5mQVgp9pnlSUnbNWFaWZQ=="
    },
    "object-component": {
      "version": "0.0.3",
      "resolved": "https://registry.npmjs.org/object-component/-/object-component-0.0.3.tgz",
      "integrity": "sha512-S0sN3agnVh2SZNEIGc0N1X4Z5K0JeFbGBrnuZpsxuUh5XLF0BnvWkMjRXo/zGKLd/eghvNIKcx1pQkmUjXIyrA=="
    },
    "options": {
      "version": "0.0.6",
      "resolved": "https://registry.npmjs.org/options/-/options-0.0.6.tgz",
      "integrity": "sha512-bOj3L1ypm++N+n7CEbbe473A414AB7z+amKYshRb//iuL3MpdDCLhPnw6aVTdKB9g5ZRVHIEp8eUln6L2NUStg=="
    },
    "pako": {
      "version": "1.0.11",
      "resolved": "https://registry.npmjs.org/pako/-/pako-1.0.11.tgz",
      "integrity": "sha512-4hLB8Py4zZce5s4yd9XzopqwVv/yGNhV1Bl8NTmCq1763HeK2+EwVTv+leGeL13Dnh2wfbqowVPXCIO0z4taYw=="
    },
    "parsejson": {
      "version": "0.0.1",
      "resolved": "https://registry.npmjs.org/parsejson/-/parsejson-0.0.1.tgz",
      "integrity": "sha512-W9CRvTfYQY/kbRc5Q6YTWarb/QDxdEGbd6RCP8CLUQDJV89RVHoS2A0dZYNtAcq31fulGNN4ZhAhiQQazwlKJg==",
      "requires": {
        "better-assert": "~1.0.0"
      }
    },
    "parseqs": {
      "version": "0.0.2",
      "resolved": "https://registry.npmjs.org/parseqs/-/parseqs-0.0.2.tgz",
      "integrity": "sha512-vyyyfQGUFZnDhgrrdn+hh1JuOfvbXU5oRr6dijfkSIbaFuxGgTSCA/RNVcsADmo0k2NX6wERVTMKkXokjuObJA==",
      "requires": {
        "better-assert": "~1.0.0"
      }
    },
    "parseuri": {
      "version": "0.0.2",
      "resolved": "https://registry.npmjs.org/parseuri/-/parseuri-0.0.2.tgz",
      "integrity": "sha512-m0H+R0u5LXOx8sbxufnvgKrRLpkVpvtMf0AyWXYSqLwo2MWrVEgCIbgpaSVa398xl6wTLe0A7CGhiC4hBdEzHQ==",
      "requires": {
        "better-assert": "~1.0.0"
      }
    },
    "requirejs": {
      "version": "2.3.6",
      "resolved": "https://registry.npmjs.org/requirejs/-/requirejs-2.3.6.tgz",
      "integrity": "sha512-ipEzlWQe6RK3jkzikgCupiTbTvm4S0/CAU5GlgptkN5SO6F3u0UD0K18wy6ErDqiCyP4J4YYe1HuAShvsxePLg=="
    },
    "requirejs-promise": {
      "version": "github:jokeyrhyme/requirejs-promise#74a8b31dfa6851a467816e62937e0a1b2ea1f16a",
      "from": "github:jokeyrhyme/requirejs-promise"
    },
    "requirejs-text": {
      "version": "2.0.16",
      "resolved": "https://registry.npmjs.org/requirejs-text/-/requirejs-text-2.0.16.tgz",
      "integrity": "sha512-XrzjeTb1pwzIWmkz8qnUiM20gENgiwB+66IciNuziwlaPAJsYQsQPSYyQ1kD4tGKGZxTisIfDbOHk02DpI/76Q=="
    },
    "socket.io-client": {
      "version": "1.3.7",
      "resolved": "https://registry.npmjs.org/socket.io-client/-/socket.io-client-1.3.7.tgz",
      "integrity": "sha512-yA4irP1priy7yewFB31N44xjFcGxRI4Yjyk572rdMdKAMtEPS+ntgzV0H0VSiky5DE1vh6djUNZHiOaXRdxi6w==",
      "requires": {
        "backo2": "1.0.2",
        "component-bind": "1.0.0",
        "component-emitter": "1.1.2",
        "debug": "0.7.4",
        "engine.io-client": "1.5.4",
        "has-binary": "0.1.6",
        "indexof": "0.0.1",
        "object-component": "0.0.3",
        "parseuri": "0.0.2",
        "socket.io-parser": "2.2.4",
        "to-array": "0.1.3"
      }
    },
    "socket.io-parser": {
      "version": "2.2.4",
      "resolved": "https://registry.npmjs.org/socket.io-parser/-/socket.io-parser-2.2.4.tgz",
      "integrity": "sha512-j0TD2g5DtrmQwcBy+C0RejylNk43rdeCBRRm8EBExrE/f5RlztV+d0k4PRR/tXrcaLcgZeXRpsZvcPVKHarj8g==",
      "requires": {
        "benchmark": "1.0.0",
        "component-emitter": "1.1.2",
        "debug": "0.7.4",
        "isarray": "0.0.1",
        "json3": "3.2.6"
      }
    },
    "to-array": {
      "version": "0.1.3",
      "resolved": "https://registry.npmjs.org/to-array/-/to-array-0.1.3.tgz",
      "integrity": "sha512-JQk/QMS4oHyU2VufVeyjN25dcnZnr1PV1pa1oKSj7l5tVO9WrU62og3fYzB3mrgJZZgBxdrrA/v6iZzMDuyFYw=="
    },
    "ultron": {
      "version": "1.0.2",
      "resolved": "https://registry.npmjs.org/ultron/-/ultron-1.0.2.tgz",
      "integrity": "sha512-QMpnpVtYaWEeY+MwKDN/UdKlE/LsFZXM5lO1u7GaZzNgmIbGixHEmVMIKT+vqYOALu3m5GYQy9kz4Xu4IVn7Ow=="
    },
    "utf-8-validate": {
      "version": "1.2.0",
      "resolved": "https://registry.npmjs.org/utf-8-validate/-/utf-8-validate-1.2.0.tgz",
      "integrity": "sha1-fUHVfmDhs2wB55t6xBwArRv5M/0=",
      "requires": {
        "bindings": "1.2.x",
        "nan": "^2.0.5"
      }
    },
    "utf8": {
      "version": "2.1.0",
      "resolved": "https://registry.npmjs.org/utf8/-/utf8-2.1.0.tgz",
      "integrity": "sha512-meBQCGPqrY9eH0gLoJ45HzjLWGKLaROTGkWPbWhyGO/b/Q7lB3T3NClcKe6aQCgDXF3hwx5WzYBXbA+c8j17Yw=="
    },
    "ws": {
      "version": "0.8.0",
      "resolved": "https://registry.npmjs.org/ws/-/ws-0.8.0.tgz",
      "integrity": "sha512-JRxYZsisQGuKfRb+QohqX+CZhH3CE++Zz/BZpouhGbf/MLvL9qQ1i7Zp/uLGMxs67z6IX/3/aymoAVuoJzRieQ==",
      "requires": {
        "bufferutil": "1.2.x",
        "options": ">=0.0.5",
        "ultron": "1.0.x",
        "utf-8-validate": "1.2.x"
      }
    },
    "xmlhttprequest": {
      "version": "https://github.com/rase-/node-XMLHttpRequest/archive/a6b6f2.tar.gz",
      "integrity": "sha512-GO6pmHif8rvZ9YddEoem4hQo0OvcTZJnPGyKxBNsFwgEwNYxbpfewye2ulTDAanWXTcfl2+XKE6/DK7SAoKqMw=="
    },
    "y-array": {
      "version": "10.1.4",
      "resolved": "https://registry.npmjs.org/y-array/-/y-array-10.1.4.tgz",
      "integrity": "sha512-RuIyy51UA+p20mLmXKpSa16Vur6g2kEPMjdE/zh5lBncfi6YRO8pHog+30GhaRZCUJaAMmeNNm6sD6LJv9ZggA=="
    },
    "y-map": {
      "version": "10.1.3",
      "resolved": "https://registry.npmjs.org/y-map/-/y-map-10.1.3.tgz",
      "integrity": "sha512-mBohScRLR1uCtL1BBzvH3tYlxXA2WJ/LNgMtVb5KbxHR2F4hOedmAEHWrqqLF23pUGlmPIt7FJzkjIcBsr7fVA=="
    },
    "y-memory": {
      "version": "8.0.9",
      "resolved": "https://registry.npmjs.org/y-memory/-/y-memory-8.0.9.tgz",
      "integrity": "sha512-OrcReh6DgZhz5R7JGXqAH53T0Ygw24qcxKj4jN9w2DIi2eIiKFCD5Y6apBTTNxiw2FaVP15F+M8phRRIMXFGBQ=="
    },
    "y-text": {
      "version": "9.5.1",
      "resolved": "https://registry.npmjs.org/y-text/-/y-text-9.5.1.tgz",
      "integrity": "sha512-uwNLY4LeLLR7Cu4xfvh9ZY4gmOYyjii4irDHYRuhPDs1XFcm6krVaALeggA42LevTQ+k5q1eHpdv5jnJha8r6g==",
      "requires": {
        "fast-diff": "^1.1.1"
      }
    },
    "y-websockets-client": {
      "version": "8.0.16",
      "resolved": "https://registry.npmjs.org/y-websockets-client/-/y-websockets-client-8.0.16.tgz",
      "integrity": "sha512-0eY6uw1ggmtjPbpnKA4m6ik2ffjfr9xom4X07KBQA77pWT8xpelNje4CiOhZpGbf0rvCjorEpBhV10LHco4BUA==",
      "requires": {
        "socket.io-client": "1.3.7"
      }
    },
    "yjs": {
      "version": "12.3.3",
      "resolved": "https://registry.npmjs.org/yjs/-/yjs-12.3.3.tgz",
      "integrity": "sha512-pKqA8iFp4BJ+bjIWWwf8nutk4pZwrW3yNx7VBk1sqI81wH4nN6mUC8XoyC2JUu4hX+yoRXmtSJWRwQPi9+3Jyg==",
      "requires": {
        "debug": "^2.6.3"
      },
      "dependencies": {
        "debug": {
          "version": "2.6.9",
          "resolved": "https://registry.npmjs.org/debug/-/debug-2.6.9.tgz",
          "integrity": "sha512-bC7ElrdJaJnPbAP+1EotYvqZsb3ecl5wi6Bfi6BJTUcNowp6cvspg0jXznRTKDjm/E7AdgFBVeAPVMNcKGsHMA==",
          "requires": {
            "ms": "2.0.0"
          }
        },
        "ms": {
          "version": "2.0.0",
          "resolved": "https://registry.npmjs.org/ms/-/ms-2.0.0.tgz",
          "integrity": "sha512-Tpp60P6IUJDTuOq/5Z8cdskzJujfwqfOTkrwIwj7IRISpnkJnT6SyJ4PCPnGMoFjC9ddhal5KVIYtAt97ix05A=="
        }
      }
    }
  }
}
